
Microsoft Visual Studio Solution File, Format Version 12.00
# Visual Studio Version 17
VisualStudioVersion = 17.1.32328.378
MinimumVisualStudioVersion = 10.0.40219.1
Project("{9A19103F-16F7-4668-BE54-9A1E7A4F7556}") = "Timesheet", "Timesheet\Timesheet.csproj", "{F064A169-E017-43C3-81C3-3EA457757686}"
EndProject
Project("{FAE04EC0-301F-11D3-BF4B-00C04F79EFBC}") = "Timesheet.Tests", "Timesheet.Tests\Timesheet.Tests.csproj", "{0F6538D9-222D-4D1A-B067-7E7A165887DC}"
EndProject
Global
	GlobalSection(SolutionConfigurationPlatforms) = preSolution
		Debug|Any CPU = Debug|Any CPU
		Release|Any CPU = Release|Any CPU
	EndGlobalSection
	GlobalSection(ProjectConfigurationPlatforms) = postSolution
		{F064A169-E017-43C3-81C3-3EA457757686}.Debug|Any CPU.ActiveCfg = Debug|Any CPU
		{F064A169-E017-43C3-81C3-3EA457757686}.Debug|Any CPU.Build.0 = Debug|Any CPU
		{F064A169-E017-43C3-81C3-3EA457757686}.Release|Any CPU.ActiveCfg = Release|Any CPU
		{F064A169-E017-43C3-81C3-3EA457757686}.Release|Any CPU.Build.0 = Release|Any CPU
		{0F6538D9-222D-4D1A-B067-7E7A165887DC}.Debug|Any CPU.ActiveCfg = Debug|Any CPU
		{0F6538D9-222D-4D1A-B067-7E7A165887DC}.Debug|Any CPU.Build.0 = Debug|Any CPU
		{0F6538D9-222D-4D1A-B067-7E7A165887DC}.Release|Any CPU.ActiveCfg = Release|Any CPU
		{0F6538D9-222D-4D1A-B067-7E7A165887DC}.Release|Any CPU.Build.0 = Release|Any CPU
	EndGlobalSection
	GlobalSection(SolutionProperties) = preSolution
		HideSolutionNode = FALSE
	EndGlobalSection
	GlobalSection(ExtensibilityGlobals) = postSolution
		SolutionGuid = {7AF1EA06-1B70-458E-97A9-5261FB456F81}
	EndGlobalSection
EndGlobal
